
Microsoft Visual Studio Solution File, Format Version 12.00
# Visual Studio 15
VisualStudioVersion = 15.0.26430.15
MinimumVisualStudioVersion = 10.0.40219.1
Project("{FAE04EC0-301F-11D3-BF4B-00C04F79EFBC}") = "Naxam.RippleEffect.Droid", "Naxam.RippleEffect.Droid\Naxam.RippleEffect.Droid.csproj", "{EBCD5902-6084-4231-8E86-DC8D6B47B1D9}"
EndProject
Global
	GlobalSection(SolutionConfigurationPlatforms) = preSolution
		Debug|Any CPU = Debug|Any CPU
		Release|Any CPU = Release|Any CPU
	EndGlobalSection
	GlobalSection(ProjectConfigurationPlatforms) = postSolution
		{EBCD5902-6084-4231-8E86-DC8D6B47B1D9}.Debug|Any CPU.ActiveCfg = Debug|Any CPU
		{EBCD5902-6084-4231-8E86-DC8D6B47B1D9}.Debug|Any CPU.Build.0 = Debug|Any CPU
		{EBCD5902-6084-4231-8E86-DC8D6B47B1D9}.Release|Any CPU.ActiveCfg = Release|Any CPU
		{EBCD5902-6084-4231-8E86-DC8D6B47B1D9}.Release|Any CPU.Build.0 = Release|Any CPU
	EndGlobalSection
	GlobalSection(SolutionProperties) = preSolution
		HideSolutionNode = FALSE
	EndGlobalSection
EndGlobal
